
Microsoft Visual Studio Solution File, Format Version 12.00
# Visual Studio Version 17
VisualStudioVersion = 17.10.35004.147
MinimumVisualStudioVersion = 10.0.40219.1
Project("{9A19103F-16F7-4668-BE54-9A1E7A4F7556}") = "MicroA.Api", "MicroA.Api\MicroA.Api.csproj", "{7EA0C001-B155-4A9A-B5EE-CF30EF5245AB}"
EndProject
Project("{2150E333-8FDC-42A3-9474-1A3956D46DE8}") = "MicroA", "MicroA", "{2DE22B08-9A8C-460B-BF73-8729A6BD54A8}"
EndProject
Project("{9A19103F-16F7-4668-BE54-9A1E7A4F7556}") = "MicroA.Domain", "MicroA.Domain\MicroA.Domain.csproj", "{ED3AE853-0155-4476-9A8E-013FAD9C997B}"
EndProject
Project("{9A19103F-16F7-4668-BE54-9A1E7A4F7556}") = "MicroA.Infrastructure", "MicroA.Infrastructure\MicroA.Infrastructure.csproj", "{DE35993F-F19B-4481-AB02-A27FB22E8EF3}"
EndProject
Project("{2150E333-8FDC-42A3-9474-1A3956D46DE8}") = "MicroB", "MicroB", "{E9AB2CDF-C5F7-4B29-BB8F-4BF0A9EE7498}"
EndProject
Project("{9A19103F-16F7-4668-BE54-9A1E7A4F7556}") = "MicroB.Domain", "MicroB.Domain\MicroB.Domain.csproj", "{DAF74ECD-F01B-4145-8954-E975D67D267A}"
EndProject
Project("{9A19103F-16F7-4668-BE54-9A1E7A4F7556}") = "MicroB.Api", "MicroB.Api\MicroB.Api.csproj", "{23B7FC15-F5FA-4E05-AAA7-16E18270FD6D}"
EndProject
Project("{9A19103F-16F7-4668-BE54-9A1E7A4F7556}") = "MicroB.Infrastructure", "MicroB.Infrastructure\MicroB.Infrastructure.csproj", "{0C78BD70-7A90-4E00-8793-154D14AF2CF1}"
EndProject
Project("{2150E333-8FDC-42A3-9474-1A3956D46DE8}") = "Common", "Common", "{5F087B74-1975-4623-B934-EA19D3E202E7}"
EndProject
Project("{9A19103F-16F7-4668-BE54-9A1E7A4F7556}") = "PWC.Common.Domain", "PWC.Common.Domain\PWC.Common.Domain.csproj", "{EE8F5B1A-34DF-4A5A-9C22-E783D3A6A68D}"
EndProject
Project("{9A19103F-16F7-4668-BE54-9A1E7A4F7556}") = "PWC.Infra.Bus", "PWC.Infra.Bus\PWC.Infra.Bus.csproj", "{C1FC3AB3-BF22-4A1B-9F17-B1441DC0BCF3}"
EndProject
Global
	GlobalSection(SolutionConfigurationPlatforms) = preSolution
		Debug|Any CPU = Debug|Any CPU
		Release|Any CPU = Release|Any CPU
	EndGlobalSection
	GlobalSection(ProjectConfigurationPlatforms) = postSolution
		{7EA0C001-B155-4A9A-B5EE-CF30EF5245AB}.Debug|Any CPU.ActiveCfg = Debug|Any CPU
		{7EA0C001-B155-4A9A-B5EE-CF30EF5245AB}.Debug|Any CPU.Build.0 = Debug|Any CPU
		{7EA0C001-B155-4A9A-B5EE-CF30EF5245AB}.Release|Any CPU.ActiveCfg = Release|Any CPU
		{7EA0C001-B155-4A9A-B5EE-CF30EF5245AB}.Release|Any CPU.Build.0 = Release|Any CPU
		{ED3AE853-0155-4476-9A8E-013FAD9C997B}.Debug|Any CPU.ActiveCfg = Debug|Any CPU
		{ED3AE853-0155-4476-9A8E-013FAD9C997B}.Debug|Any CPU.Build.0 = Debug|Any CPU
		{ED3AE853-0155-4476-9A8E-013FAD9C997B}.Release|Any CPU.ActiveCfg = Release|Any CPU
		{ED3AE853-0155-4476-9A8E-013FAD9C997B}.Release|Any CPU.Build.0 = Release|Any CPU
		{DE35993F-F19B-4481-AB02-A27FB22E8EF3}.Debug|Any CPU.ActiveCfg = Debug|Any CPU
		{DE35993F-F19B-4481-AB02-A27FB22E8EF3}.Debug|Any CPU.Build.0 = Debug|Any CPU
		{DE35993F-F19B-4481-AB02-A27FB22E8EF3}.Release|Any CPU.ActiveCfg = Release|Any CPU
		{DE35993F-F19B-4481-AB02-A27FB22E8EF3}.Release|Any CPU.Build.0 = Release|Any CPU
		{DAF74ECD-F01B-4145-8954-E975D67D267A}.Debug|Any CPU.ActiveCfg = Debug|Any CPU
		{DAF74ECD-F01B-4145-8954-E975D67D267A}.Debug|Any CPU.Build.0 = Debug|Any CPU
		{DAF74ECD-F01B-4145-8954-E975D67D267A}.Release|Any CPU.ActiveCfg = Release|Any CPU
		{DAF74ECD-F01B-4145-8954-E975D67D267A}.Release|Any CPU.Build.0 = Release|Any CPU
		{23B7FC15-F5FA-4E05-AAA7-16E18270FD6D}.Debug|Any CPU.ActiveCfg = Debug|Any CPU
		{23B7FC15-F5FA-4E05-AAA7-16E18270FD6D}.Debug|Any CPU.Build.0 = Debug|Any CPU
		{23B7FC15-F5FA-4E05-AAA7-16E18270FD6D}.Release|Any CPU.ActiveCfg = Release|Any CPU
		{23B7FC15-F5FA-4E05-AAA7-16E18270FD6D}.Release|Any CPU.Build.0 = Release|Any CPU
		{0C78BD70-7A90-4E00-8793-154D14AF2CF1}.Debug|Any CPU.ActiveCfg = Debug|Any CPU
		{0C78BD70-7A90-4E00-8793-154D14AF2CF1}.Debug|Any CPU.Build.0 = Debug|Any CPU
		{0C78BD70-7A90-4E00-8793-154D14AF2CF1}.Release|Any CPU.ActiveCfg = Release|Any CPU
		{0C78BD70-7A90-4E00-8793-154D14AF2CF1}.Release|Any CPU.Build.0 = Release|Any CPU
		{EE8F5B1A-34DF-4A5A-9C22-E783D3A6A68D}.Debug|Any CPU.ActiveCfg = Debug|Any CPU
		{EE8F5B1A-34DF-4A5A-9C22-E783D3A6A68D}.Debug|Any CPU.Build.0 = Debug|Any CPU
		{EE8F5B1A-34DF-4A5A-9C22-E783D3A6A68D}.Release|Any CPU.ActiveCfg = Release|Any CPU
		{EE8F5B1A-34DF-4A5A-9C22-E783D3A6A68D}.Release|Any CPU.Build.0 = Release|Any CPU
		{C1FC3AB3-BF22-4A1B-9F17-B1441DC0BCF3}.Debug|Any CPU.ActiveCfg = Debug|Any CPU
		{C1FC3AB3-BF22-4A1B-9F17-B1441DC0BCF3}.Debug|Any CPU.Build.0 = Debug|Any CPU
		{C1FC3AB3-BF22-4A1B-9F17-B1441DC0BCF3}.Release|Any CPU.ActiveCfg = Release|Any CPU
		{C1FC3AB3-BF22-4A1B-9F17-B1441DC0BCF3}.Release|Any CPU.Build.0 = Release|Any CPU
	EndGlobalSection
	GlobalSection(SolutionProperties) = preSolution
		HideSolutionNode = FALSE
	EndGlobalSection
	GlobalSection(NestedProjects) = preSolution
		{7EA0C001-B155-4A9A-B5EE-CF30EF5245AB} = {2DE22B08-9A8C-460B-BF73-8729A6BD54A8}
		{ED3AE853-0155-4476-9A8E-013FAD9C997B} = {2DE22B08-9A8C-460B-BF73-8729A6BD54A8}
		{DE35993F-F19B-4481-AB02-A27FB22E8EF3} = {2DE22B08-9A8C-460B-BF73-8729A6BD54A8}
		{DAF74ECD-F01B-4145-8954-E975D67D267A} = {E9AB2CDF-C5F7-4B29-BB8F-4BF0A9EE7498}
		{23B7FC15-F5FA-4E05-AAA7-16E18270FD6D} = {E9AB2CDF-C5F7-4B29-BB8F-4BF0A9EE7498}
		{0C78BD70-7A90-4E00-8793-154D14AF2CF1} = {E9AB2CDF-C5F7-4B29-BB8F-4BF0A9EE7498}
		{EE8F5B1A-34DF-4A5A-9C22-E783D3A6A68D} = {5F087B74-1975-4623-B934-EA19D3E202E7}
		{C1FC3AB3-BF22-4A1B-9F17-B1441DC0BCF3} = {5F087B74-1975-4623-B934-EA19D3E202E7}
	EndGlobalSection
	GlobalSection(ExtensibilityGlobals) = postSolution
		SolutionGuid = {249E78A5-E78C-409C-81A1-FEE426C17383}
	EndGlobalSection
EndGlobal
