
Microsoft Visual Studio Solution File, Format Version 12.00
# Visual Studio Version 17
VisualStudioVersion = 17.13.35919.96 d17.13
MinimumVisualStudioVersion = 10.0.40219.1
Project("{D2ABAB84-BF74-430A-B69E-9DC6D40DDA17}") = "MultidimensionalProject9", "MultidimensionalProject9.dwproj", "{A87F76F0-E9E3-E5D3-5F98-1E8AF8D8771A}"
EndProject
Global
	GlobalSection(SolutionConfigurationPlatforms) = preSolution
		Development|Default = Development|Default
	EndGlobalSection
	GlobalSection(ProjectConfigurationPlatforms) = postSolution
		{A87F76F0-E9E3-E5D3-5F98-1E8AF8D8771A}.Development|Default.ActiveCfg = Development
		{A87F76F0-E9E3-E5D3-5F98-1E8AF8D8771A}.Development|Default.Build.0 = Development
		{A87F76F0-E9E3-E5D3-5F98-1E8AF8D8771A}.Development|Default.Deploy.0 = Development
	EndGlobalSection
	GlobalSection(SolutionProperties) = preSolution
		HideSolutionNode = FALSE
	EndGlobalSection
	GlobalSection(ExtensibilityGlobals) = postSolution
		SolutionGuid = {18360FB5-E56B-45A7-B4B7-402738ED1A01}
	EndGlobalSection
EndGlobal
