
Microsoft Visual Studio Solution File, Format Version 12.00
# Visual Studio Version 17
VisualStudioVersion = 17.13.35919.96 d17.13
MinimumVisualStudioVersion = 10.0.40219.1
Project("{D2ABAB84-BF74-430A-B69E-9DC6D40DDA17}") = "MultidimensionalProject1", "MultidimensionalProject1.dwproj", "{5BA2BD9C-B556-DEF4-AAF4-FC952572A547}"
EndProject
Global
	GlobalSection(SolutionConfigurationPlatforms) = preSolution
		Development|Default = Development|Default
	EndGlobalSection
	GlobalSection(ProjectConfigurationPlatforms) = postSolution
		{5BA2BD9C-B556-DEF4-AAF4-FC952572A547}.Development|Default.ActiveCfg = Development
		{5BA2BD9C-B556-DEF4-AAF4-FC952572A547}.Development|Default.Build.0 = Development
		{5BA2BD9C-B556-DEF4-AAF4-FC952572A547}.Development|Default.Deploy.0 = Development
	EndGlobalSection
	GlobalSection(SolutionProperties) = preSolution
		HideSolutionNode = FALSE
	EndGlobalSection
	GlobalSection(ExtensibilityGlobals) = postSolution
		SolutionGuid = {AF62C6D4-447C-4CE4-9E4C-158733F1192F}
	EndGlobalSection
EndGlobal
